
Microsoft Visual Studio Solution File, Format Version 12.00
# Visual Studio 14
VisualStudioVersion = 14.0.25420.1
MinimumVisualStudioVersion = 10.0.40219.1
Project("{888888A0-9F3D-457C-B088-3A5042F75D52}") = "flaskpractice", "flaskpractice\flaskpractice.pyproj", "{CE014601-F4CE-4103-8955-5571205F2995}"
EndProject
Global
	GlobalSection(SolutionConfigurationPlatforms) = preSolution
		Debug|Any CPU = Debug|Any CPU
		Release|Any CPU = Release|Any CPU
	EndGlobalSection
	GlobalSection(ProjectConfigurationPlatforms) = postSolution
		{CE014601-F4CE-4103-8955-5571205F2995}.Debug|Any CPU.ActiveCfg = Debug|Any CPU
		{CE014601-F4CE-4103-8955-5571205F2995}.Debug|Any CPU.Build.0 = Debug|Any CPU
		{CE014601-F4CE-4103-8955-5571205F2995}.Release|Any CPU.ActiveCfg = Release|Any CPU
		{CE014601-F4CE-4103-8955-5571205F2995}.Release|Any CPU.Build.0 = Release|Any CPU
	EndGlobalSection
	GlobalSection(SolutionProperties) = preSolution
		HideSolutionNode = FALSE
	EndGlobalSection
EndGlobal
